Microsoft Visual Studio Solution File, Format Version 12.00
# Visual Studio 2012
Project("{FAE04EC0-301F-11D3-BF4B-00C04F79EFBC}") = "ProceduralGeneration", "ProceduralGeneration.csproj", "{50A62575-A8A1-4111-8E5E-A07A3C76EA56}"
EndProject
Global
	GlobalSection(SolutionConfigurationPlatforms) = preSolution
	Debug|Any CPU = Debug|Any CPU
	ExportDebug|Any CPU = ExportDebug|Any CPU
	ExportRelease|Any CPU = ExportRelease|Any CPU
	EndGlobalSection
	GlobalSection(ProjectConfigurationPlatforms) = postSolution
		{50A62575-A8A1-4111-8E5E-A07A3C76EA56}.Debug|Any CPU.ActiveCfg = Debug|Any CPU
		{50A62575-A8A1-4111-8E5E-A07A3C76EA56}.Debug|Any CPU.Build.0 = Debug|Any CPU
		{50A62575-A8A1-4111-8E5E-A07A3C76EA56}.ExportDebug|Any CPU.ActiveCfg = ExportDebug|Any CPU
		{50A62575-A8A1-4111-8E5E-A07A3C76EA56}.ExportDebug|Any CPU.Build.0 = ExportDebug|Any CPU
		{50A62575-A8A1-4111-8E5E-A07A3C76EA56}.ExportRelease|Any CPU.ActiveCfg = ExportRelease|Any CPU
		{50A62575-A8A1-4111-8E5E-A07A3C76EA56}.ExportRelease|Any CPU.Build.0 = ExportRelease|Any CPU
	EndGlobalSection
EndGlobal
